
Microsoft Visual Studio Solution File, Format Version 12.00
# Visual Studio Version 17
VisualStudioVersion = 17.10.35004.147
MinimumVisualStudioVersion = 10.0.40219.1
Project("{FAE04EC0-301F-11D3-BF4B-00C04F79EFBC}") = "PowershellHistory", "PowershellHistory\PowershellHistory.csproj", "{797ADFB1-36F7-455E-A217-E58F8B76AB5D}"
EndProject
Global
	GlobalSection(SolutionConfigurationPlatforms) = preSolution
		Debug|ARM64 = Debug|ARM64
		Debug|x64 = Debug|x64
		Release|ARM64 = Release|ARM64
		Release|x64 = Release|x64
	EndGlobalSection
	GlobalSection(ProjectConfigurationPlatforms) = postSolution
		{797ADFB1-36F7-455E-A217-E58F8B76AB5D}.Debug|ARM64.ActiveCfg = Debug|ARM64
		{797ADFB1-36F7-455E-A217-E58F8B76AB5D}.Debug|ARM64.Build.0 = Debug|ARM64
		{797ADFB1-36F7-455E-A217-E58F8B76AB5D}.Debug|x64.ActiveCfg = Debug|x64
		{797ADFB1-36F7-455E-A217-E58F8B76AB5D}.Debug|x64.Build.0 = Debug|x64
		{797ADFB1-36F7-455E-A217-E58F8B76AB5D}.Release|ARM64.ActiveCfg = Release|ARM64
		{797ADFB1-36F7-455E-A217-E58F8B76AB5D}.Release|ARM64.Build.0 = Release|ARM64
		{797ADFB1-36F7-455E-A217-E58F8B76AB5D}.Release|x64.ActiveCfg = Release|x64
		{797ADFB1-36F7-455E-A217-E58F8B76AB5D}.Release|x64.Build.0 = Release|x64
	EndGlobalSection
	GlobalSection(SolutionProperties) = preSolution
		HideSolutionNode = FALSE
	EndGlobalSection
	GlobalSection(ExtensibilityGlobals) = postSolution
		SolutionGuid = {6A897CA8-6B00-4ADC-A388-F3996D3426BF}
	EndGlobalSection
EndGlobal
